{
  "nodes": {
    "nixpkgs": {
      "locked": {
        "lastModified": 1624831744,
        "narHash": "sha256-gGSxxnWnXRALLKfStsG3C4X+XUzAkHlKx02xHzkGZio=",
        "owner": "NixOS",
        "repo": "nixpkgs",
        "rev": "dbf5cd2d90cbf8b281c1938632b431d1e61d3249",
        "type": "github"
      },
      "original": {
        "id": "nixpkgs",
        "type": "indirect"
      }
    },
    "root": {
      "inputs": {
        "nixpkgs": "nixpkgs"
      }
    }
  },
  "root": "root",
  "version": 7
}
