{
  "nodes": {
    "devshell": {
      "locked": {
        "lastModified": 1625086391,
        "narHash": "sha256-IpNPv1v8s4L3CoxhwcgZIitGpcrnNgnj09X7TA0QV3k=",
        "owner": "numtide",
        "repo": "devshell",
        "rev": "4b5ac7cf7d9a1cc60b965bb51b59922f2210cbc7",
        "type": "github"
      },
      "original": {
        "owner": "numtide",
        "repo": "devshell",
        "type": "github"
      }
    },
    "nixpkgs": {
      "locked": {
        "lastModified": 1624831744,
        "narHash": "sha256-gGSxxnWnXRALLKfStsG3C4X+XUzAkHlKx02xHzkGZio=",
        "owner": "NixOS",
        "repo": "nixpkgs",
        "rev": "dbf5cd2d90cbf8b281c1938632b431d1e61d3249",
        "type": "github"
      },
      "original": {
        "id": "nixpkgs",
        "type": "indirect"
      }
    },
    "root": {
      "inputs": {
        "devshell": "devshell",
        "nixpkgs": "nixpkgs"
      }
    }
  },
  "root": "root",
  "version": 7
}
