{
  "nodes": {
    "beautysh": {
      "inputs": {
        "flake-utils": "flake-utils",
        "nixpkgs": [
          "nixpkgs"
        ],
        "poetry2nix": "poetry2nix"
      },
      "locked": {
        "lastModified": 1627571355,
        "narHash": "sha256-iB+s0R/d/bBISo9+JtyytNtS2YMP5oLFqcyfqhXO1qU=",
        "owner": "lovesegfault",
        "repo": "beautysh",
        "rev": "1ad178d756f1f7e77d5215b768bc5c9d4ff8e4fa",
        "type": "github"
      },
      "original": {
        "owner": "lovesegfault",
        "repo": "beautysh",
        "type": "github"
      }
    },
    "devshell": {
      "locked": {
        "lastModified": 1625086391,
        "narHash": "sha256-IpNPv1v8s4L3CoxhwcgZIitGpcrnNgnj09X7TA0QV3k=",
        "owner": "numtide",
        "repo": "devshell",
        "rev": "4b5ac7cf7d9a1cc60b965bb51b59922f2210cbc7",
        "type": "github"
      },
      "original": {
        "owner": "numtide",
        "repo": "devshell",
        "type": "github"
      }
    },
    "flake-utils": {
      "locked": {
        "lastModified": 1623875721,
        "narHash": "sha256-A8BU7bjS5GirpAUv4QA+QnJ4CceLHkcXdRp4xITDB0s=",
        "owner": "numtide",
        "repo": "flake-utils",
        "rev": "f7e004a55b120c02ecb6219596820fcd32ca8772",
        "type": "github"
      },
      "original": {
        "owner": "numtide",
        "repo": "flake-utils",
        "type": "github"
      }
    },
    "nixpkgs": {
      "locked": {
        "lastModified": 1628203131,
        "narHash": "sha256-jQgXeJ9NQQS0Eobb/qQOvS+RRULkqRikAeXkkFKOPDA=",
        "owner": "nixos",
        "repo": "nixpkgs",
        "rev": "178da37860823d35e801c7df2f73d7866d3d598a",
        "type": "github"
      },
      "original": {
        "owner": "nixos",
        "ref": "release-21.05",
        "repo": "nixpkgs",
        "type": "github"
      }
    },
    "poetry2nix": {
      "inputs": {
        "flake-utils": [
          "beautysh",
          "flake-utils"
        ],
        "nixpkgs": [
          "beautysh",
          "nixpkgs"
        ]
      },
      "locked": {
        "lastModified": 1625240517,
        "narHash": "sha256-2E1gaOP+bCplhf3kliVQWK5N1NV2h06mkJk2KTiRTJQ=",
        "owner": "nix-community",
        "repo": "poetry2nix",
        "rev": "e40e8ed0e8c11e709e4c8c7c20174facd265a021",
        "type": "github"
      },
      "original": {
        "owner": "nix-community",
        "repo": "poetry2nix",
        "type": "github"
      }
    },
    "root": {
      "inputs": {
        "beautysh": "beautysh",
        "devshell": "devshell",
        "nixpkgs": "nixpkgs"
      }
    }
  },
  "root": "root",
  "version": 7
}
